<?xml version="1.0" encoding="utf-8"?>
<Project ToolsVersion="4.0" xmlns="http://schemas.microsoft.com/developer/msbuild/2003">
  <ItemGroup>
    <Filter Include="源文件">
      <UniqueIdentifier>{4FC737F1-C7A5-4376-A066-2A32D752A2FF}</UniqueIdentifier>
      <Extensions>cpp;c;cc;cxx;def;odl;idl;hpj;bat;asm;asmx</Extensions>
    </Filter>
    <Filter Include="头文件">
      <UniqueIdentifier>{93995380-89BD-4b04-88EB-625FBE52EBFB}</UniqueIdentifier>
      <Extensions>h;hpp;hxx;hm;inl;inc;xsd</Extensions>
    </Filter>
    <Filter Include="资源文件">
      <UniqueIdentifier>{67DA6AB6-F800-4c08-8B7A-83BB121AAD01}</UniqueIdentifier>
      <Extensions>rc;ico;cur;bmp;dlg;rc2;rct;bin;rgs;gif;jpg;jpeg;jpe;resx;tiff;tif;png;wav;mfcribbon-ms</Extensions>
    </Filter>
    <Filter Include="Shader">
      <UniqueIdentifier>{fe547c33-8193-473c-b76d-bc712458f3b5}</UniqueIdentifier>
    </Filter>
    <Filter Include="源文件\tinyxml">
      <UniqueIdentifier>{c3ec6494-7242-4c09-8b92-409bbfd6e958}</UniqueIdentifier>
    </Filter>
  </ItemGroup>
  <ItemGroup>
    <ClInclude Include="Include\AABB.h">
      <Filter>头文件</Filter>
    </ClInclude>
    <ClInclude Include="Include\Camera.h">
      <Filter>头文件</Filter>
    </ClInclude>
    <ClInclude Include="Include\Color.h">
      <Filter>头文件</Filter>
    </ClInclude>
    <ClInclude Include="Include\MathDef.h">
      <Filter>头文件</Filter>
    </ClInclude>
    <ClInclude Include="Include\PixelBox.h">
      <Filter>头文件</Filter>
    </ClInclude>
    <ClInclude Include="Include\Prerequiestity.h">
      <Filter>头文件</Filter>
    </ClInclude>
    <ClInclude Include="Include\Scene.h">
      <Filter>头文件</Filter>
    </ClInclude>
    <ClInclude Include="Include\stdafx.h">
      <Filter>头文件</Filter>
    </ClInclude>
    <ClInclude Include="Include\D3D11RenderSystem.h">
      <Filter>头文件</Filter>
    </ClInclude>
    <ClInclude Include="Include\Material.h">
      <Filter>头文件</Filter>
    </ClInclude>
    <ClInclude Include="Include\IRefCount.h">
      <Filter>头文件</Filter>
    </ClInclude>
    <ClInclude Include="Include\D3D11Texture.h">
      <Filter>头文件</Filter>
    </ClInclude>
    <ClInclude Include="Include\Terrain.h">
      <Filter>头文件</Filter>
    </ClInclude>
    <ClInclude Include="Include\Water.h">
      <Filter>头文件</Filter>
    </ClInclude>
    <ClInclude Include="Include\D3D11RenderTarget.h">
      <Filter>头文件</Filter>
    </ClInclude>
    <ClInclude Include="Include\Sky.h">
      <Filter>头文件</Filter>
    </ClInclude>
    <ClInclude Include="Include\SceneManager.h">
      <Filter>头文件</Filter>
    </ClInclude>
    <ClInclude Include="Include\Font.h">
      <Filter>头文件</Filter>
    </ClInclude>
    <ClInclude Include="Include\MeshLoader.h">
      <Filter>头文件</Filter>
    </ClInclude>
    <ClInclude Include="Include\SSAO.h">
      <Filter>头文件</Filter>
    </ClInclude>
    <ClInclude Include="..\Dependency\tinyxml\tinystr.h">
      <Filter>源文件\tinyxml</Filter>
    </ClInclude>
    <ClInclude Include="..\Dependency\tinyxml\tinyxml.h">
      <Filter>源文件\tinyxml</Filter>
    </ClInclude>
    <ClInclude Include="Include\Singleton.h">
      <Filter>头文件</Filter>
    </ClInclude>
    <ClInclude Include="Include\ShadowMap.h">
      <Filter>头文件</Filter>
    </ClInclude>
    <ClInclude Include="..\Res\Common.h">
      <Filter>Shader</Filter>
    </ClInclude>
    <ClInclude Include="Include\Tree.h">
      <Filter>头文件</Filter>
    </ClInclude>
    <ClInclude Include="Include\Entity.h">
      <Filter>头文件</Filter>
    </ClInclude>
    <ClInclude Include="Include\Mesh.h">
      <Filter>头文件</Filter>
    </ClInclude>
    <ClInclude Include="Include\VertexData.h">
      <Filter>头文件</Filter>
    </ClInclude>
    <ClInclude Include="Include\ConvexBody.h">
      <Filter>头文件</Filter>
    </ClInclude>
    <ClInclude Include="Include\Polygon.h">
      <Filter>头文件</Filter>
    </ClInclude>
    <ClInclude Include="Include\ShadowMapLispPSM.h">
      <Filter>头文件</Filter>
    </ClInclude>
    <ClInclude Include="Include\ShadowMapCSM.h">
      <Filter>头文件</Filter>
    </ClInclude>
    <ClInclude Include="Include\ObjMeshLoader.h">
      <Filter>头文件</Filter>
    </ClInclude>
    <ClInclude Include="Include\TiledRenderer.h">
      <Filter>头文件</Filter>
    </ClInclude>
    <ClInclude Include="Include\StructuredBuffer.h">
      <Filter>头文件</Filter>
    </ClInclude>
    <ClInclude Include="Include\Light.h">
      <Filter>头文件</Filter>
    </ClInclude>
    <ClInclude Include="Include\AmbientCube.h">
      <Filter>头文件</Filter>
    </ClInclude>
    <ClInclude Include="Include\MaterialManager.h">
      <Filter>头文件</Filter>
    </ClInclude>
    <ClInclude Include="Include\TangentSpaceCalculation.h">
      <Filter>头文件</Filter>
    </ClInclude>
    <ClInclude Include="Include\DDSTextureLoader.h">
      <Filter>头文件</Filter>
    </ClInclude>
    <ClInclude Include="Include\dds.h">
      <Filter>头文件</Filter>
    </ClInclude>
    <ClInclude Include="Include\LoaderHelpers.h">
      <Filter>头文件</Filter>
    </ClInclude>
    <ClInclude Include="Include\Utility.h">
      <Filter>头文件</Filter>
    </ClInclude>
    <ClInclude Include="Include\SkinModel.h">
      <Filter>头文件</Filter>
    </ClInclude>
  </ItemGroup>
  <ItemGroup>
    <None Include="Include\MathDef.inl">
      <Filter>头文件</Filter>
    </None>
    <None Include="..\Res\ClipPlaneWrapper.hlsl">
      <Filter>Shader</Filter>
    </None>
    <None Include="..\Res\WhiteNoLight.hlsl">
      <Filter>Shader</Filter>
    </None>
  </ItemGroup>
  <ItemGroup>
    <ClCompile Include="Src\AABB.cpp">
      <Filter>源文件</Filter>
    </ClCompile>
    <ClCompile Include="Src\Camera.cpp">
      <Filter>源文件</Filter>
    </ClCompile>
    <ClCompile Include="Src\MathDef.cpp">
      <Filter>源文件</Filter>
    </ClCompile>
    <ClCompile Include="Src\PixelBox.cpp">
      <Filter>源文件</Filter>
    </ClCompile>
    <ClCompile Include="Src\Scene.cpp">
      <Filter>源文件</Filter>
    </ClCompile>
    <ClCompile Include="Src\stdafx.cpp">
      <Filter>源文件</Filter>
    </ClCompile>
    <ClCompile Include="Src\TestScene.cpp">
      <Filter>源文件</Filter>
    </ClCompile>
    <ClCompile Include="Src\D3D11RenderSystem.cpp">
      <Filter>源文件</Filter>
    </ClCompile>
    <ClCompile Include="Src\Material.cpp">
      <Filter>源文件</Filter>
    </ClCompile>
    <ClCompile Include="Src\D3D11Texture.cpp">
      <Filter>源文件</Filter>
    </ClCompile>
    <ClCompile Include="Src\Terrain.cpp">
      <Filter>源文件</Filter>
    </ClCompile>
    <ClCompile Include="Src\Water.cpp">
      <Filter>源文件</Filter>
    </ClCompile>
    <ClCompile Include="Src\D3D11RenderTarget.cpp">
      <Filter>源文件</Filter>
    </ClCompile>
    <ClCompile Include="Src\Sky.cpp">
      <Filter>源文件</Filter>
    </ClCompile>
    <ClCompile Include="Src\SceneManager.cpp">
      <Filter>源文件</Filter>
    </ClCompile>
    <ClCompile Include="Src\Font.cpp">
      <Filter>源文件</Filter>
    </ClCompile>
    <ClCompile Include="Src\MeshLoader.cpp">
      <Filter>源文件</Filter>
    </ClCompile>
    <ClCompile Include="Src\SSAO.cpp">
      <Filter>源文件</Filter>
    </ClCompile>
    <ClCompile Include="..\Dependency\tinyxml\tinystr.cpp">
      <Filter>源文件\tinyxml</Filter>
    </ClCompile>
    <ClCompile Include="..\Dependency\tinyxml\tinyxml.cpp">
      <Filter>源文件\tinyxml</Filter>
    </ClCompile>
    <ClCompile Include="..\Dependency\tinyxml\tinyxmlerror.cpp">
      <Filter>源文件\tinyxml</Filter>
    </ClCompile>
    <ClCompile Include="..\Dependency\tinyxml\tinyxmlparser.cpp">
      <Filter>源文件\tinyxml</Filter>
    </ClCompile>
    <ClCompile Include="Src\ShadowMap.cpp">
      <Filter>源文件</Filter>
    </ClCompile>
    <ClCompile Include="Src\Tree.cpp">
      <Filter>源文件</Filter>
    </ClCompile>
    <ClCompile Include="Src\Entity.cpp">
      <Filter>源文件</Filter>
    </ClCompile>
    <ClCompile Include="Src\Mesh.cpp">
      <Filter>源文件</Filter>
    </ClCompile>
    <ClCompile Include="Src\VertexData.cpp">
      <Filter>源文件</Filter>
    </ClCompile>
    <ClCompile Include="Src\Polygon.cpp">
      <Filter>源文件</Filter>
    </ClCompile>
    <ClCompile Include="Src\ConvexBody.cpp">
      <Filter>源文件</Filter>
    </ClCompile>
    <ClCompile Include="Src\ShadowMapLispPSM.cpp">
      <Filter>源文件</Filter>
    </ClCompile>
    <ClCompile Include="Src\ShadowMapCSM.cpp">
      <Filter>源文件</Filter>
    </ClCompile>
    <ClCompile Include="Src\ObjMeshLoader.cpp">
      <Filter>源文件</Filter>
    </ClCompile>
    <ClCompile Include="Src\TiledRenderer.cpp">
      <Filter>源文件</Filter>
    </ClCompile>
    <ClCompile Include="Src\Light.cpp">
      <Filter>源文件</Filter>
    </ClCompile>
    <ClCompile Include="Src\AmbientCube.cpp">
      <Filter>源文件</Filter>
    </ClCompile>
    <ClCompile Include="Src\MaterialManager.cpp">
      <Filter>源文件</Filter>
    </ClCompile>
    <ClCompile Include="Src\DDSTextureLoader.cpp">
      <Filter>源文件</Filter>
    </ClCompile>
    <ClCompile Include="Src\Utility.cpp">
      <Filter>源文件</Filter>
    </ClCompile>
    <ClCompile Include="Src\SkinModel.cpp">
      <Filter>源文件</Filter>
    </ClCompile>
  </ItemGroup>
  <ItemGroup>
    <CustomBuild Include="..\Res\SSAO.hlsl">
      <Filter>Shader</Filter>
    </CustomBuild>
    <CustomBuild Include="..\Res\DebugRT.hlsl">
      <Filter>Shader</Filter>
    </CustomBuild>
    <CustomBuild Include="..\Res\Font.hlsl">
      <Filter>Shader</Filter>
    </CustomBuild>
    <CustomBuild Include="..\Res\GaussianBlur.hlsl">
      <Filter>Shader</Filter>
    </CustomBuild>
    <CustomBuild Include="..\Res\Sky.hlsl">
      <Filter>Shader</Filter>
    </CustomBuild>
    <CustomBuild Include="..\Res\Terrain.hlsl">
      <Filter>Shader</Filter>
    </CustomBuild>
    <CustomBuild Include="..\Res\Water_Depth.hlsl">
      <Filter>Shader</Filter>
    </CustomBuild>
    <CustomBuild Include="..\Res\Water_Final.hlsl">
      <Filter>Shader</Filter>
    </CustomBuild>
    <CustomBuild Include="..\Res\Water_RefractionMask.hlsl">
      <Filter>Shader</Filter>
    </CustomBuild>
    <CustomBuild Include="..\Res\BilateralBlur.hlsl">
      <Filter>Shader</Filter>
    </CustomBuild>
    <CustomBuild Include="..\Res\Terrain_Depth.hlsl">
      <Filter>Shader</Filter>
    </CustomBuild>
    <CustomBuild Include="..\Res\Tree\Branch.hlsl">
      <Filter>Shader</Filter>
    </CustomBuild>
    <CustomBuild Include="..\Res\Tree\Frond.hlsl">
      <Filter>Shader</Filter>
    </CustomBuild>
    <CustomBuild Include="..\Res\Tree\Leaf.hlsl">
      <Filter>Shader</Filter>
    </CustomBuild>
  </ItemGroup>
  <ItemGroup>
    <FxCompile Include="..\Res\DeferredShading.hlsl">
      <Filter>Shader</Filter>
    </FxCompile>
    <FxCompile Include="..\Res\HDR.hlsl">
      <Filter>Shader</Filter>
    </FxCompile>
    <FxCompile Include="..\Res\TiledCS.hlsl">
      <Filter>Shader</Filter>
    </FxCompile>
    <FxCompile Include="..\Res\Opaque.hlsl">
      <Filter>Shader</Filter>
    </FxCompile>
    <FxCompile Include="..\Res\DeferredShadingCommon.h">
      <Filter>Shader</Filter>
    </FxCompile>
  </ItemGroup>
</Project>